
Microsoft Visual Studio Solution File, Format Version 12.00
# Visual Studio Version 16
VisualStudioVersion = 16.0.30621.155
MinimumVisualStudioVersion = 10.0.40219.1
Project("{8BC9CEB8-8B4A-11D0-8D11-00A0C91BC942}") = "chapter-04", "chapter-04\chapter-04.vcxproj", "{1A4A659C-1815-434C-940D-3BEFA284CF5E}"
EndProject
Project("{8BC9CEB8-8B4A-11D0-8D11-00A0C91BC942}") = "test", "test\test.vcxproj", "{D8FEE617-B842-45BA-882A-94851E03DF24}"
EndProject
Project("{8BC9CEB8-8B4A-11D0-8D11-00A0C91BC942}") = "chapter-06", "chapter-06\chapter-06.vcxproj", "{0CA6DB4B-67C8-4132-8D80-125CFFC4DA7D}"
EndProject
Project("{8BC9CEB8-8B4A-11D0-8D11-00A0C91BC942}") = "chapter-07", "chapter-07\chapter-07.vcxproj", "{7932DE30-C0F8-4EBE-B600-CAF67C00D753}"
EndProject
Project("{8BC9CEB8-8B4A-11D0-8D11-00A0C91BC942}") = "chapter-08", "chapter-08\chapter-08.vcxproj", "{CE5181C7-68E1-4FE5-83EF-657477E29013}"
EndProject
Project("{8BC9CEB8-8B4A-11D0-8D11-00A0C91BC942}") = "chapter-09", "chapter-09\chapter-09.vcxproj", "{6BC867A1-EBDE-4F68-B972-509FDF23FDF6}"
EndProject
Global
	GlobalSection(SolutionConfigurationPlatforms) = preSolution
		Debug|x64 = Debug|x64
		Debug|x86 = Debug|x86
		Release|x64 = Release|x64
		Release|x86 = Release|x86
	EndGlobalSection
	GlobalSection(ProjectConfigurationPlatforms) = postSolution
		{1A4A659C-1815-434C-940D-3BEFA284CF5E}.Debug|x64.ActiveCfg = Debug|x64
		{1A4A659C-1815-434C-940D-3BEFA284CF5E}.Debug|x64.Build.0 = Debug|x64
		{1A4A659C-1815-434C-940D-3BEFA284CF5E}.Debug|x86.ActiveCfg = Debug|Win32
		{1A4A659C-1815-434C-940D-3BEFA284CF5E}.Debug|x86.Build.0 = Debug|Win32
		{1A4A659C-1815-434C-940D-3BEFA284CF5E}.Release|x64.ActiveCfg = Release|x64
		{1A4A659C-1815-434C-940D-3BEFA284CF5E}.Release|x64.Build.0 = Release|x64
		{1A4A659C-1815-434C-940D-3BEFA284CF5E}.Release|x86.ActiveCfg = Release|Win32
		{1A4A659C-1815-434C-940D-3BEFA284CF5E}.Release|x86.Build.0 = Release|Win32
		{D8FEE617-B842-45BA-882A-94851E03DF24}.Debug|x64.ActiveCfg = Debug|x64
		{D8FEE617-B842-45BA-882A-94851E03DF24}.Debug|x64.Build.0 = Debug|x64
		{D8FEE617-B842-45BA-882A-94851E03DF24}.Debug|x86.ActiveCfg = Debug|Win32
		{D8FEE617-B842-45BA-882A-94851E03DF24}.Debug|x86.Build.0 = Debug|Win32
		{D8FEE617-B842-45BA-882A-94851E03DF24}.Release|x64.ActiveCfg = Release|x64
		{D8FEE617-B842-45BA-882A-94851E03DF24}.Release|x64.Build.0 = Release|x64
		{D8FEE617-B842-45BA-882A-94851E03DF24}.Release|x86.ActiveCfg = Release|Win32
		{D8FEE617-B842-45BA-882A-94851E03DF24}.Release|x86.Build.0 = Release|Win32
		{0CA6DB4B-67C8-4132-8D80-125CFFC4DA7D}.Debug|x64.ActiveCfg = Debug|x64
		{0CA6DB4B-67C8-4132-8D80-125CFFC4DA7D}.Debug|x64.Build.0 = Debug|x64
		{0CA6DB4B-67C8-4132-8D80-125CFFC4DA7D}.Debug|x86.ActiveCfg = Debug|Win32
		{0CA6DB4B-67C8-4132-8D80-125CFFC4DA7D}.Debug|x86.Build.0 = Debug|Win32
		{0CA6DB4B-67C8-4132-8D80-125CFFC4DA7D}.Release|x64.ActiveCfg = Release|x64
		{0CA6DB4B-67C8-4132-8D80-125CFFC4DA7D}.Release|x64.Build.0 = Release|x64
		{0CA6DB4B-67C8-4132-8D80-125CFFC4DA7D}.Release|x86.ActiveCfg = Release|Win32
		{0CA6DB4B-67C8-4132-8D80-125CFFC4DA7D}.Release|x86.Build.0 = Release|Win32
		{7932DE30-C0F8-4EBE-B600-CAF67C00D753}.Debug|x64.ActiveCfg = Debug|x64
		{7932DE30-C0F8-4EBE-B600-CAF67C00D753}.Debug|x64.Build.0 = Debug|x64
		{7932DE30-C0F8-4EBE-B600-CAF67C00D753}.Debug|x86.ActiveCfg = Debug|Win32
		{7932DE30-C0F8-4EBE-B600-CAF67C00D753}.Debug|x86.Build.0 = Debug|Win32
		{7932DE30-C0F8-4EBE-B600-CAF67C00D753}.Release|x64.ActiveCfg = Release|x64
		{7932DE30-C0F8-4EBE-B600-CAF67C00D753}.Release|x64.Build.0 = Release|x64
		{7932DE30-C0F8-4EBE-B600-CAF67C00D753}.Release|x86.ActiveCfg = Release|Win32
		{7932DE30-C0F8-4EBE-B600-CAF67C00D753}.Release|x86.Build.0 = Release|Win32
		{CE5181C7-68E1-4FE5-83EF-657477E29013}.Debug|x64.ActiveCfg = Debug|x64
		{CE5181C7-68E1-4FE5-83EF-657477E29013}.Debug|x64.Build.0 = Debug|x64
		{CE5181C7-68E1-4FE5-83EF-657477E29013}.Debug|x86.ActiveCfg = Debug|Win32
		{CE5181C7-68E1-4FE5-83EF-657477E29013}.Debug|x86.Build.0 = Debug|Win32
		{CE5181C7-68E1-4FE5-83EF-657477E29013}.Release|x64.ActiveCfg = Release|x64
		{CE5181C7-68E1-4FE5-83EF-657477E29013}.Release|x64.Build.0 = Release|x64
		{CE5181C7-68E1-4FE5-83EF-657477E29013}.Release|x86.ActiveCfg = Release|Win32
		{CE5181C7-68E1-4FE5-83EF-657477E29013}.Release|x86.Build.0 = Release|Win32
		{6BC867A1-EBDE-4F68-B972-509FDF23FDF6}.Debug|x64.ActiveCfg = Debug|x64
		{6BC867A1-EBDE-4F68-B972-509FDF23FDF6}.Debug|x64.Build.0 = Debug|x64
		{6BC867A1-EBDE-4F68-B972-509FDF23FDF6}.Debug|x86.ActiveCfg = Debug|Win32
		{6BC867A1-EBDE-4F68-B972-509FDF23FDF6}.Debug|x86.Build.0 = Debug|Win32
		{6BC867A1-EBDE-4F68-B972-509FDF23FDF6}.Release|x64.ActiveCfg = Release|x64
		{6BC867A1-EBDE-4F68-B972-509FDF23FDF6}.Release|x64.Build.0 = Release|x64
		{6BC867A1-EBDE-4F68-B972-509FDF23FDF6}.Release|x86.ActiveCfg = Release|Win32
		{6BC867A1-EBDE-4F68-B972-509FDF23FDF6}.Release|x86.Build.0 = Release|Win32
	EndGlobalSection
	GlobalSection(SolutionProperties) = preSolution
		HideSolutionNode = FALSE
	EndGlobalSection
	GlobalSection(ExtensibilityGlobals) = postSolution
		SolutionGuid = {066FD569-0B77-4098-952A-9245F5F9BE96}
	EndGlobalSection
EndGlobal
