<?xml version="1.0" encoding="utf-8"?>
<Project ToolsVersion="4.0" xmlns="http://schemas.microsoft.com/developer/msbuild/2003">
  <ItemGroup>
    <Filter Include="Source Files">
      <UniqueIdentifier>{4FC737F1-C7A5-4376-A066-2A32D752A2FF}</UniqueIdentifier>
      <Extensions>cpp;c;cc;cxx;c++;cppm;ixx;def;odl;idl;hpj;bat;asm;asmx</Extensions>
    </Filter>
    <Filter Include="Header Files">
      <UniqueIdentifier>{93995380-89BD-4b04-88EB-625FBE52EBFB}</UniqueIdentifier>
      <Extensions>h;hh;hpp;hxx;h++;hm;inl;inc;ipp;xsd</Extensions>
    </Filter>
    <Filter Include="Resource Files">
      <UniqueIdentifier>{67DA6AB6-F800-4c08-8B7A-83BB121AAD01}</UniqueIdentifier>
      <Extensions>rc;ico;cur;bmp;dlg;rc2;rct;bin;rgs;gif;jpg;jpeg;jpe;resx;tiff;tif;png;wav;mfcribbon-ms</Extensions>
    </Filter>
  </ItemGroup>
  <ItemGroup>
    <ClCompile Include="pointer01.c">
      <Filter>Source Files</Filter>
    </ClCompile>
    <ClCompile Include="test.c">
      <Filter>Source Files</Filter>
    </ClCompile>
    <ClCompile Include="test_2.c">
      <Filter>Source Files</Filter>
    </ClCompile>
    <ClCompile Include="pointer02.c">
      <Filter>Source Files</Filter>
    </ClCompile>
    <ClCompile Include="ptrnarray01.c">
      <Filter>Source Files</Filter>
    </ClCompile>
    <ClCompile Include="ptrstring01.c">
      <Filter>Source Files</Filter>
    </ClCompile>
    <ClCompile Include="ptrstring02.c">
      <Filter>Source Files</Filter>
    </ClCompile>
    <ClCompile Include="ptrmalloc01.c">
      <Filter>Source Files</Filter>
    </ClCompile>
    <ClCompile Include="ptrmeminit01.c">
      <Filter>Source Files</Filter>
    </ClCompile>
    <ClCompile Include="ptrmeminit02.c">
      <Filter>Source Files</Filter>
    </ClCompile>
    <ClCompile Include="_msize.c">
      <Filter>Source Files</Filter>
    </ClCompile>
    <ClCompile Include="ptrmemcpy01.c">
      <Filter>Source Files</Filter>
    </ClCompile>
    <ClCompile Include="practice_11-01.c">
      <Filter>Source Files</Filter>
    </ClCompile>
    <ClCompile Include="ptrmemcmp01.c">
      <Filter>Source Files</Filter>
    </ClCompile>
    <ClCompile Include="ptrstrcmp01.c">
      <Filter>Source Files</Filter>
    </ClCompile>
    <ClCompile Include="ptrstrcmp02.c">
      <Filter>Source Files</Filter>
    </ClCompile>
    <ClCompile Include="ptrsearch01.c">
      <Filter>Source Files</Filter>
    </ClCompile>
    <ClCompile Include="ptrnarray02.c">
      <Filter>Source Files</Filter>
    </ClCompile>
    <ClCompile Include="practice_11-02.c">
      <Filter>Source Files</Filter>
    </ClCompile>
    <ClCompile Include="test3.c">
      <Filter>Source Files</Filter>
    </ClCompile>
    <ClCompile Include="ptrrealloc01.c">
      <Filter>Source Files</Filter>
    </ClCompile>
    <ClCompile Include="badpointer01.c">
      <Filter>Source Files</Filter>
    </ClCompile>
    <ClCompile Include="arrayofptr01.c">
      <Filter>Source Files</Filter>
    </ClCompile>
    <ClCompile Include="arrayofptr02.c">
      <Filter>Source Files</Filter>
    </ClCompile>
    <ClCompile Include="pointer03.c">
      <Filter>Source Files</Filter>
    </ClCompile>
    <ClCompile Include="arrayofptr03.c">
      <Filter>Source Files</Filter>
    </ClCompile>
    <ClCompile Include="ptrtoarray01.c">
      <Filter>Source Files</Filter>
    </ClCompile>
    <ClCompile Include="variable01.c">
      <Filter>Source Files</Filter>
    </ClCompile>
    <ClCompile Include="variable02.c">
      <Filter>Source Files</Filter>
    </ClCompile>
    <ClCompile Include="variable03.c">
      <Filter>Source Files</Filter>
    </ClCompile>
    <ClCompile Include="exercies_11-02.c">
      <Filter>Source Files</Filter>
    </ClCompile>
    <ClCompile Include="exercise_11-03.c">
      <Filter>Source Files</Filter>
    </ClCompile>
    <ClCompile Include="exercise_11-04.c">
      <Filter>Source Files</Filter>
    </ClCompile>
    <ClCompile Include="exercise_11-05-01.c">
      <Filter>Source Files</Filter>
    </ClCompile>
    <ClCompile Include="exercise_11-05-02.c">
      <Filter>Source Files</Filter>
    </ClCompile>
  </ItemGroup>
</Project>